
Microsoft Visual Studio Solution File, Format Version 12.00
Project("{FAE04EC0-301F-11D3-BF4B-00C04F79EFBC}") = "FactoryMethod", "FactoryMethod\FactoryMethod.csproj", "{9206FDB3-EDA7-45D4-B88B-9C13BAF9DB1D}"
EndProject
Project("{FAE04EC0-301F-11D3-BF4B-00C04F79EFBC}") = "FactoryMethod-01", "FactoryMethod-01\FactoryMethod-01.csproj", "{8192F05B-D7DA-46BC-9CFC-21D59D2C16F6}"
EndProject
Project("{FAE04EC0-301F-11D3-BF4B-00C04F79EFBC}") = "FactoryMethod-02", "FactoryMethod-02\FactoryMethod-02.csproj", "{7C8C1349-A039-4F44-9820-1333B1DD0DFA}"
EndProject
Project("{FAE04EC0-301F-11D3-BF4B-00C04F79EFBC}") = "AbstractFactory", "AbstractFactory\AbstractFactory.csproj", "{D1D253D7-FDC4-487B-8F4B-CA7FA4BB6D04}"
EndProject
Project("{FAE04EC0-301F-11D3-BF4B-00C04F79EFBC}") = "Builder-01", "Builder-01\Builder-01.csproj", "{81868133-54CD-41E3-884B-A51B916C5770}"
EndProject
Project("{FAE04EC0-301F-11D3-BF4B-00C04F79EFBC}") = "Prototype-01", "Prototype-01\Prototype-01.csproj", "{81F28A03-91B3-4F15-B38E-36079FEF0E67}"
EndProject
Project("{FAE04EC0-301F-11D3-BF4B-00C04F79EFBC}") = "Singleton-01", "Singleton-01\Singleton-01.csproj", "{91E1846B-96E2-488A-978F-F05DF707C367}"
EndProject
Project("{FAE04EC0-301F-11D3-BF4B-00C04F79EFBC}") = "Singleton-02", "Singleton-02\Singleton-02.csproj", "{D46F7B97-5CCB-4EE9-9A21-E5F1A388335A}"
EndProject
Global
	GlobalSection(SolutionConfigurationPlatforms) = preSolution
		Debug|Any CPU = Debug|Any CPU
		Release|Any CPU = Release|Any CPU
	EndGlobalSection
	GlobalSection(ProjectConfigurationPlatforms) = postSolution
		{9206FDB3-EDA7-45D4-B88B-9C13BAF9DB1D}.Debug|Any CPU.ActiveCfg = Debug|Any CPU
		{9206FDB3-EDA7-45D4-B88B-9C13BAF9DB1D}.Debug|Any CPU.Build.0 = Debug|Any CPU
		{9206FDB3-EDA7-45D4-B88B-9C13BAF9DB1D}.Release|Any CPU.ActiveCfg = Release|Any CPU
		{9206FDB3-EDA7-45D4-B88B-9C13BAF9DB1D}.Release|Any CPU.Build.0 = Release|Any CPU
		{8192F05B-D7DA-46BC-9CFC-21D59D2C16F6}.Debug|Any CPU.ActiveCfg = Debug|Any CPU
		{8192F05B-D7DA-46BC-9CFC-21D59D2C16F6}.Debug|Any CPU.Build.0 = Debug|Any CPU
		{8192F05B-D7DA-46BC-9CFC-21D59D2C16F6}.Release|Any CPU.ActiveCfg = Release|Any CPU
		{8192F05B-D7DA-46BC-9CFC-21D59D2C16F6}.Release|Any CPU.Build.0 = Release|Any CPU
		{7C8C1349-A039-4F44-9820-1333B1DD0DFA}.Debug|Any CPU.ActiveCfg = Debug|Any CPU
		{7C8C1349-A039-4F44-9820-1333B1DD0DFA}.Debug|Any CPU.Build.0 = Debug|Any CPU
		{7C8C1349-A039-4F44-9820-1333B1DD0DFA}.Release|Any CPU.ActiveCfg = Release|Any CPU
		{7C8C1349-A039-4F44-9820-1333B1DD0DFA}.Release|Any CPU.Build.0 = Release|Any CPU
		{D1D253D7-FDC4-487B-8F4B-CA7FA4BB6D04}.Debug|Any CPU.ActiveCfg = Debug|Any CPU
		{D1D253D7-FDC4-487B-8F4B-CA7FA4BB6D04}.Debug|Any CPU.Build.0 = Debug|Any CPU
		{D1D253D7-FDC4-487B-8F4B-CA7FA4BB6D04}.Release|Any CPU.ActiveCfg = Release|Any CPU
		{D1D253D7-FDC4-487B-8F4B-CA7FA4BB6D04}.Release|Any CPU.Build.0 = Release|Any CPU
		{81868133-54CD-41E3-884B-A51B916C5770}.Debug|Any CPU.ActiveCfg = Debug|Any CPU
		{81868133-54CD-41E3-884B-A51B916C5770}.Debug|Any CPU.Build.0 = Debug|Any CPU
		{81868133-54CD-41E3-884B-A51B916C5770}.Release|Any CPU.ActiveCfg = Release|Any CPU
		{81868133-54CD-41E3-884B-A51B916C5770}.Release|Any CPU.Build.0 = Release|Any CPU
		{81F28A03-91B3-4F15-B38E-36079FEF0E67}.Debug|Any CPU.ActiveCfg = Debug|Any CPU
		{81F28A03-91B3-4F15-B38E-36079FEF0E67}.Debug|Any CPU.Build.0 = Debug|Any CPU
		{81F28A03-91B3-4F15-B38E-36079FEF0E67}.Release|Any CPU.ActiveCfg = Release|Any CPU
		{81F28A03-91B3-4F15-B38E-36079FEF0E67}.Release|Any CPU.Build.0 = Release|Any CPU
		{91E1846B-96E2-488A-978F-F05DF707C367}.Debug|Any CPU.ActiveCfg = Debug|Any CPU
		{91E1846B-96E2-488A-978F-F05DF707C367}.Debug|Any CPU.Build.0 = Debug|Any CPU
		{91E1846B-96E2-488A-978F-F05DF707C367}.Release|Any CPU.ActiveCfg = Release|Any CPU
		{91E1846B-96E2-488A-978F-F05DF707C367}.Release|Any CPU.Build.0 = Release|Any CPU
		{D46F7B97-5CCB-4EE9-9A21-E5F1A388335A}.Debug|Any CPU.ActiveCfg = Debug|Any CPU
		{D46F7B97-5CCB-4EE9-9A21-E5F1A388335A}.Debug|Any CPU.Build.0 = Debug|Any CPU
		{D46F7B97-5CCB-4EE9-9A21-E5F1A388335A}.Release|Any CPU.ActiveCfg = Release|Any CPU
		{D46F7B97-5CCB-4EE9-9A21-E5F1A388335A}.Release|Any CPU.Build.0 = Release|Any CPU
	EndGlobalSection
EndGlobal
